
Microsoft Visual Studio Solution File, Format Version 12.00
# Visual Studio 15
VisualStudioVersion = 15.0.26430.16
MinimumVisualStudioVersion = 10.0.40219.1
Project("{8BC9CEB8-8B4A-11D0-8D11-00A0C91BC942}") = "Game", "Game\Game.vcxproj", "{0A451768-491C-4030-870D-97938DB687CD}"
EndProject
Project("{8BC9CEB8-8B4A-11D0-8D11-00A0C91BC942}") = "Clank", "Clank\Clank.vcxproj", "{E9633A00-447D-491F-97F0-B07DEBC1A41E}"
EndProject
Project("{2150E333-8FDC-42A3-9474-1A3956D46DE8}") = "Dependencies", "Dependencies", "{73E8680D-F02E-45E7-983E-8F7D7000E661}"
EndProject
Project("{8BC9CEB8-8B4A-11D0-8D11-00A0C91BC942}") = "DirectXTK_Desktop_2017_Win10", "Dependencies\DirectXTK\DirectXTK_Desktop_2017_Win10.vcxproj", "{E0B52AE7-E160-4D32-BF3F-910B785E5A8E}"
EndProject
Project("{FAE04EC0-301F-11D3-BF4B-00C04F79EFBC}") = "MakeSpriteFont", "Dependencies\MakeSpriteFont\MakeSpriteFont.csproj", "{7329B02D-C504-482A-A156-181D48CE493C}"
EndProject
Project("{8BC9CEB8-8B4A-11D0-8D11-00A0C91BC942}") = "xwbtool_Desktop_2017", "Dependencies\XWBTool\xwbtool_Desktop_2017.vcxproj", "{C7AB4186-54B2-4244-A533-77494763EA1D}"
EndProject
Project("{8BC9CEB8-8B4A-11D0-8D11-00A0C91BC942}") = "FreeImage", "Dependencies\FreeImage\FreeImage.vcxproj", "{6F2FF135-E343-4138-A6FB-2D1F2540A3F8}"
EndProject
Project("{8BC9CEB8-8B4A-11D0-8D11-00A0C91BC942}") = "Conway's Game of Life", "Conway's Game of Life\Conway's Game of Life.vcxproj", "{2C591DE8-8902-4FB3-9667-3EF34FD41563}"
EndProject
Project("{8BC9CEB8-8B4A-11D0-8D11-00A0C91BC942}") = "Maze Generator", "Maze Generator\Maze Generator.vcxproj", "{F476AFF6-DBEB-477A-8FEC-8BA5289DD8FD}"
EndProject
Global
	GlobalSection(SolutionConfigurationPlatforms) = preSolution
		Debug|Any CPU = Debug|Any CPU
		Debug|ARM = Debug|ARM
		Debug|x64 = Debug|x64
		Debug|x86 = Debug|x86
		Release|Any CPU = Release|Any CPU
		Release|ARM = Release|ARM
		Release|x64 = Release|x64
		Release|x86 = Release|x86
	EndGlobalSection
	GlobalSection(ProjectConfigurationPlatforms) = postSolution
		{0A451768-491C-4030-870D-97938DB687CD}.Debug|Any CPU.ActiveCfg = Debug|Win32
		{0A451768-491C-4030-870D-97938DB687CD}.Debug|ARM.ActiveCfg = Debug|Win32
		{0A451768-491C-4030-870D-97938DB687CD}.Debug|x64.ActiveCfg = Debug|x64
		{0A451768-491C-4030-870D-97938DB687CD}.Debug|x64.Build.0 = Debug|x64
		{0A451768-491C-4030-870D-97938DB687CD}.Debug|x86.ActiveCfg = Debug|Win32
		{0A451768-491C-4030-870D-97938DB687CD}.Debug|x86.Build.0 = Debug|Win32
		{0A451768-491C-4030-870D-97938DB687CD}.Release|Any CPU.ActiveCfg = Release|Win32
		{0A451768-491C-4030-870D-97938DB687CD}.Release|ARM.ActiveCfg = Release|Win32
		{0A451768-491C-4030-870D-97938DB687CD}.Release|x64.ActiveCfg = Release|x64
		{0A451768-491C-4030-870D-97938DB687CD}.Release|x64.Build.0 = Release|x64
		{0A451768-491C-4030-870D-97938DB687CD}.Release|x86.ActiveCfg = Release|Win32
		{0A451768-491C-4030-870D-97938DB687CD}.Release|x86.Build.0 = Release|Win32
		{E9633A00-447D-491F-97F0-B07DEBC1A41E}.Debug|Any CPU.ActiveCfg = Debug|Win32
		{E9633A00-447D-491F-97F0-B07DEBC1A41E}.Debug|ARM.ActiveCfg = Debug|Win32
		{E9633A00-447D-491F-97F0-B07DEBC1A41E}.Debug|x64.ActiveCfg = Debug|x64
		{E9633A00-447D-491F-97F0-B07DEBC1A41E}.Debug|x64.Build.0 = Debug|x64
		{E9633A00-447D-491F-97F0-B07DEBC1A41E}.Debug|x86.ActiveCfg = Debug|Win32
		{E9633A00-447D-491F-97F0-B07DEBC1A41E}.Debug|x86.Build.0 = Debug|Win32
		{E9633A00-447D-491F-97F0-B07DEBC1A41E}.Release|Any CPU.ActiveCfg = Release|Win32
		{E9633A00-447D-491F-97F0-B07DEBC1A41E}.Release|ARM.ActiveCfg = Release|Win32
		{E9633A00-447D-491F-97F0-B07DEBC1A41E}.Release|x64.ActiveCfg = Release|x64
		{E9633A00-447D-491F-97F0-B07DEBC1A41E}.Release|x64.Build.0 = Release|x64
		{E9633A00-447D-491F-97F0-B07DEBC1A41E}.Release|x86.ActiveCfg = Release|Win32
		{E9633A00-447D-491F-97F0-B07DEBC1A41E}.Release|x86.Build.0 = Release|Win32
		{E0B52AE7-E160-4D32-BF3F-910B785E5A8E}.Debug|Any CPU.ActiveCfg = Debug|Win32
		{E0B52AE7-E160-4D32-BF3F-910B785E5A8E}.Debug|ARM.ActiveCfg = Debug|Win32
		{E0B52AE7-E160-4D32-BF3F-910B785E5A8E}.Debug|x64.ActiveCfg = Debug|x64
		{E0B52AE7-E160-4D32-BF3F-910B785E5A8E}.Debug|x64.Build.0 = Debug|x64
		{E0B52AE7-E160-4D32-BF3F-910B785E5A8E}.Debug|x86.ActiveCfg = Debug|Win32
		{E0B52AE7-E160-4D32-BF3F-910B785E5A8E}.Debug|x86.Build.0 = Debug|Win32
		{E0B52AE7-E160-4D32-BF3F-910B785E5A8E}.Release|Any CPU.ActiveCfg = Release|Win32
		{E0B52AE7-E160-4D32-BF3F-910B785E5A8E}.Release|ARM.ActiveCfg = Release|Win32
		{E0B52AE7-E160-4D32-BF3F-910B785E5A8E}.Release|x64.ActiveCfg = Release|x64
		{E0B52AE7-E160-4D32-BF3F-910B785E5A8E}.Release|x64.Build.0 = Release|x64
		{E0B52AE7-E160-4D32-BF3F-910B785E5A8E}.Release|x86.ActiveCfg = Release|Win32
		{E0B52AE7-E160-4D32-BF3F-910B785E5A8E}.Release|x86.Build.0 = Release|Win32
		{7329B02D-C504-482A-A156-181D48CE493C}.Debug|Any CPU.ActiveCfg = Debug|Any CPU
		{7329B02D-C504-482A-A156-181D48CE493C}.Debug|Any CPU.Build.0 = Debug|Any CPU
		{7329B02D-C504-482A-A156-181D48CE493C}.Debug|ARM.ActiveCfg = Debug|Any CPU
		{7329B02D-C504-482A-A156-181D48CE493C}.Debug|ARM.Build.0 = Debug|Any CPU
		{7329B02D-C504-482A-A156-181D48CE493C}.Debug|x64.ActiveCfg = Debug|Any CPU
		{7329B02D-C504-482A-A156-181D48CE493C}.Debug|x64.Build.0 = Debug|Any CPU
		{7329B02D-C504-482A-A156-181D48CE493C}.Debug|x86.ActiveCfg = Debug|Any CPU
		{7329B02D-C504-482A-A156-181D48CE493C}.Debug|x86.Build.0 = Debug|Any CPU
		{7329B02D-C504-482A-A156-181D48CE493C}.Release|Any CPU.ActiveCfg = Release|Any CPU
		{7329B02D-C504-482A-A156-181D48CE493C}.Release|Any CPU.Build.0 = Release|Any CPU
		{7329B02D-C504-482A-A156-181D48CE493C}.Release|ARM.ActiveCfg = Release|Any CPU
		{7329B02D-C504-482A-A156-181D48CE493C}.Release|ARM.Build.0 = Release|Any CPU
		{7329B02D-C504-482A-A156-181D48CE493C}.Release|x64.ActiveCfg = Release|Any CPU
		{7329B02D-C504-482A-A156-181D48CE493C}.Release|x64.Build.0 = Release|Any CPU
		{7329B02D-C504-482A-A156-181D48CE493C}.Release|x86.ActiveCfg = Release|Any CPU
		{7329B02D-C504-482A-A156-181D48CE493C}.Release|x86.Build.0 = Release|Any CPU
		{C7AB4186-54B2-4244-A533-77494763EA1D}.Debug|Any CPU.ActiveCfg = Debug|Win32
		{C7AB4186-54B2-4244-A533-77494763EA1D}.Debug|ARM.ActiveCfg = Debug|Win32
		{C7AB4186-54B2-4244-A533-77494763EA1D}.Debug|x64.ActiveCfg = Debug|x64
		{C7AB4186-54B2-4244-A533-77494763EA1D}.Debug|x64.Build.0 = Debug|x64
		{C7AB4186-54B2-4244-A533-77494763EA1D}.Debug|x86.ActiveCfg = Debug|Win32
		{C7AB4186-54B2-4244-A533-77494763EA1D}.Debug|x86.Build.0 = Debug|Win32
		{C7AB4186-54B2-4244-A533-77494763EA1D}.Release|Any CPU.ActiveCfg = Release|Win32
		{C7AB4186-54B2-4244-A533-77494763EA1D}.Release|ARM.ActiveCfg = Release|Win32
		{C7AB4186-54B2-4244-A533-77494763EA1D}.Release|x64.ActiveCfg = Release|x64
		{C7AB4186-54B2-4244-A533-77494763EA1D}.Release|x64.Build.0 = Release|x64
		{C7AB4186-54B2-4244-A533-77494763EA1D}.Release|x86.ActiveCfg = Release|Win32
		{C7AB4186-54B2-4244-A533-77494763EA1D}.Release|x86.Build.0 = Release|Win32
		{6F2FF135-E343-4138-A6FB-2D1F2540A3F8}.Debug|Any CPU.ActiveCfg = Debug|Win32
		{6F2FF135-E343-4138-A6FB-2D1F2540A3F8}.Debug|ARM.ActiveCfg = Debug|Win32
		{6F2FF135-E343-4138-A6FB-2D1F2540A3F8}.Debug|x64.ActiveCfg = Debug|x64
		{6F2FF135-E343-4138-A6FB-2D1F2540A3F8}.Debug|x64.Build.0 = Debug|x64
		{6F2FF135-E343-4138-A6FB-2D1F2540A3F8}.Debug|x86.ActiveCfg = Debug|Win32
		{6F2FF135-E343-4138-A6FB-2D1F2540A3F8}.Debug|x86.Build.0 = Debug|Win32
		{6F2FF135-E343-4138-A6FB-2D1F2540A3F8}.Release|Any CPU.ActiveCfg = Release|Win32
		{6F2FF135-E343-4138-A6FB-2D1F2540A3F8}.Release|ARM.ActiveCfg = Release|Win32
		{6F2FF135-E343-4138-A6FB-2D1F2540A3F8}.Release|x64.ActiveCfg = Release|x64
		{6F2FF135-E343-4138-A6FB-2D1F2540A3F8}.Release|x64.Build.0 = Release|x64
		{6F2FF135-E343-4138-A6FB-2D1F2540A3F8}.Release|x86.ActiveCfg = Release|Win32
		{6F2FF135-E343-4138-A6FB-2D1F2540A3F8}.Release|x86.Build.0 = Release|Win32
		{2C591DE8-8902-4FB3-9667-3EF34FD41563}.Debug|Any CPU.ActiveCfg = Debug|Win32
		{2C591DE8-8902-4FB3-9667-3EF34FD41563}.Debug|ARM.ActiveCfg = Debug|Win32
		{2C591DE8-8902-4FB3-9667-3EF34FD41563}.Debug|x64.ActiveCfg = Debug|x64
		{2C591DE8-8902-4FB3-9667-3EF34FD41563}.Debug|x64.Build.0 = Debug|x64
		{2C591DE8-8902-4FB3-9667-3EF34FD41563}.Debug|x86.ActiveCfg = Debug|Win32
		{2C591DE8-8902-4FB3-9667-3EF34FD41563}.Debug|x86.Build.0 = Debug|Win32
		{2C591DE8-8902-4FB3-9667-3EF34FD41563}.Release|Any CPU.ActiveCfg = Release|Win32
		{2C591DE8-8902-4FB3-9667-3EF34FD41563}.Release|ARM.ActiveCfg = Release|Win32
		{2C591DE8-8902-4FB3-9667-3EF34FD41563}.Release|x64.ActiveCfg = Release|x64
		{2C591DE8-8902-4FB3-9667-3EF34FD41563}.Release|x64.Build.0 = Release|x64
		{2C591DE8-8902-4FB3-9667-3EF34FD41563}.Release|x86.ActiveCfg = Release|Win32
		{2C591DE8-8902-4FB3-9667-3EF34FD41563}.Release|x86.Build.0 = Release|Win32
		{F476AFF6-DBEB-477A-8FEC-8BA5289DD8FD}.Debug|Any CPU.ActiveCfg = Debug|Win32
		{F476AFF6-DBEB-477A-8FEC-8BA5289DD8FD}.Debug|ARM.ActiveCfg = Debug|Win32
		{F476AFF6-DBEB-477A-8FEC-8BA5289DD8FD}.Debug|x64.ActiveCfg = Debug|x64
		{F476AFF6-DBEB-477A-8FEC-8BA5289DD8FD}.Debug|x64.Build.0 = Debug|x64
		{F476AFF6-DBEB-477A-8FEC-8BA5289DD8FD}.Debug|x86.ActiveCfg = Debug|Win32
		{F476AFF6-DBEB-477A-8FEC-8BA5289DD8FD}.Debug|x86.Build.0 = Debug|Win32
		{F476AFF6-DBEB-477A-8FEC-8BA5289DD8FD}.Release|Any CPU.ActiveCfg = Release|Win32
		{F476AFF6-DBEB-477A-8FEC-8BA5289DD8FD}.Release|ARM.ActiveCfg = Release|Win32
		{F476AFF6-DBEB-477A-8FEC-8BA5289DD8FD}.Release|x64.ActiveCfg = Release|x64
		{F476AFF6-DBEB-477A-8FEC-8BA5289DD8FD}.Release|x64.Build.0 = Release|x64
		{F476AFF6-DBEB-477A-8FEC-8BA5289DD8FD}.Release|x86.ActiveCfg = Release|Win32
		{F476AFF6-DBEB-477A-8FEC-8BA5289DD8FD}.Release|x86.Build.0 = Release|Win32
	EndGlobalSection
	GlobalSection(SolutionProperties) = preSolution
		HideSolutionNode = FALSE
	EndGlobalSection
	GlobalSection(NestedProjects) = preSolution
		{E0B52AE7-E160-4D32-BF3F-910B785E5A8E} = {73E8680D-F02E-45E7-983E-8F7D7000E661}
		{7329B02D-C504-482A-A156-181D48CE493C} = {73E8680D-F02E-45E7-983E-8F7D7000E661}
		{C7AB4186-54B2-4244-A533-77494763EA1D} = {73E8680D-F02E-45E7-983E-8F7D7000E661}
		{6F2FF135-E343-4138-A6FB-2D1F2540A3F8} = {73E8680D-F02E-45E7-983E-8F7D7000E661}
	EndGlobalSection
EndGlobal
