<?xml version="1.0" encoding="utf-8"?>
<Project ToolsVersion="4.0" xmlns="http://schemas.microsoft.com/developer/msbuild/2003">
  <ItemGroup>
    <Filter Include="Source Files">
      <UniqueIdentifier>{4FC737F1-C7A5-4376-A066-2A32D752A2FF}</UniqueIdentifier>
      <Extensions>cpp;c;cc;cxx;def;odl;idl;hpj;bat;asm;asmx</Extensions>
    </Filter>
    <Filter Include="Header Files">
      <UniqueIdentifier>{93995380-89BD-4b04-88EB-625FBE52EBFB}</UniqueIdentifier>
      <Extensions>h;hh;hpp;hxx;hm;inl;inc;xsd</Extensions>
    </Filter>
    <Filter Include="Resource Files">
      <UniqueIdentifier>{67DA6AB6-F800-4c08-8B7A-83BB121AAD01}</UniqueIdentifier>
      <Extensions>rc;ico;cur;bmp;dlg;rc2;rct;bin;rgs;gif;jpg;jpeg;jpe;resx;tiff;tif;png;wav;mfcribbon-ms</Extensions>
    </Filter>
  </ItemGroup>
  <ItemGroup>
    <ClInclude Include="src\cl\Application\Events\Event.h">
      <Filter>Header Files</Filter>
    </ClInclude>
    <ClInclude Include="src\cl\Application\Events\EventDispatcher.h">
      <Filter>Header Files</Filter>
    </ClInclude>
    <ClInclude Include="src\cl\Application\Events\Events.h">
      <Filter>Header Files</Filter>
    </ClInclude>
    <ClInclude Include="src\cl\Application\Events\KeyEvent.h">
      <Filter>Header Files</Filter>
    </ClInclude>
    <ClInclude Include="src\cl\Application\Events\Keys.h">
      <Filter>Header Files</Filter>
    </ClInclude>
    <ClInclude Include="src\cl\Application\Events\MouseEvent.h">
      <Filter>Header Files</Filter>
    </ClInclude>
    <ClInclude Include="src\cl\Application\Events\WindowEvent.h">
      <Filter>Header Files</Filter>
    </ClInclude>
    <ClInclude Include="src\cl\Maths\mat4.h">
      <Filter>Header Files</Filter>
    </ClInclude>
    <ClInclude Include="src\cl\Maths\maths.h">
      <Filter>Header Files</Filter>
    </ClInclude>
    <ClInclude Include="src\cl\Maths\maths_func.h">
      <Filter>Header Files</Filter>
    </ClInclude>
    <ClInclude Include="src\cl\Maths\vec2.h">
      <Filter>Header Files</Filter>
    </ClInclude>
    <ClInclude Include="src\cl\Maths\vec3.h">
      <Filter>Header Files</Filter>
    </ClInclude>
    <ClInclude Include="src\cl\Maths\vec4.h">
      <Filter>Header Files</Filter>
    </ClInclude>
    <ClInclude Include="src\cl\Utils\Singleton.h">
      <Filter>Header Files</Filter>
    </ClInclude>
    <ClInclude Include="src\cl\stdafx.h">
      <Filter>Header Files</Filter>
    </ClInclude>
    <ClInclude Include="src\cl\targetver.h">
      <Filter>Header Files</Filter>
    </ClInclude>
    <ClInclude Include="src\cl\types.h">
      <Filter>Header Files</Filter>
    </ClInclude>
    <ClInclude Include="src\Clank.h">
      <Filter>Header Files</Filter>
    </ClInclude>
    <ClInclude Include="src\cl\Application\Application.h">
      <Filter>Header Files</Filter>
    </ClInclude>
    <ClInclude Include="src\cl\Utils\INoCopy.h">
      <Filter>Header Files</Filter>
    </ClInclude>
    <ClInclude Include="src\cl\Utils\ISystem.h">
      <Filter>Header Files</Filter>
    </ClInclude>
    <ClInclude Include="src\cl\Graphics\Context.h">
      <Filter>Header Files</Filter>
    </ClInclude>
    <ClInclude Include="src\cl\Utils\Time.h">
      <Filter>Header Files</Filter>
    </ClInclude>
    <ClInclude Include="src\cl\Graphics\Shader.h">
      <Filter>Header Files</Filter>
    </ClInclude>
    <ClInclude Include="src\cl\String.h">
      <Filter>Header Files</Filter>
    </ClInclude>
    <ClInclude Include="src\cl\api.h">
      <Filter>Header Files</Filter>
    </ClInclude>
    <ClInclude Include="src\cl\Graphics\Layers\Layer.h">
      <Filter>Header Files</Filter>
    </ClInclude>
    <ClInclude Include="src\cl\Utils\Log.h">
      <Filter>Header Files</Filter>
    </ClInclude>
    <ClInclude Include="src\cl\Maths2\Rectangle.h">
      <Filter>Header Files</Filter>
    </ClInclude>
    <ClInclude Include="src\cl\Graphics\Buffer.h">
      <Filter>Header Files</Filter>
    </ClInclude>
    <ClInclude Include="src\cl\dxerr.h">
      <Filter>Header Files</Filter>
    </ClInclude>
    <ClInclude Include="src\cl\Graphics\Texture.h">
      <Filter>Header Files</Filter>
    </ClInclude>
    <ClInclude Include="src\cl\Graphics\Layers\Layer2D.h">
      <Filter>Header Files</Filter>
    </ClInclude>
    <ClInclude Include="src\cl\Graphics\Folder.h">
      <Filter>Header Files</Filter>
    </ClInclude>
    <ClInclude Include="src\cl\Graphics\Scene2D.h">
      <Filter>Header Files</Filter>
    </ClInclude>
    <ClInclude Include="src\cl\Entity\Entity.h">
      <Filter>Header Files</Filter>
    </ClInclude>
    <ClInclude Include="src\cl\Entity\Component.h">
      <Filter>Header Files</Filter>
    </ClInclude>
    <ClInclude Include="src\cl\Memory\Allocator.h">
      <Filter>Header Files</Filter>
    </ClInclude>
    <ClInclude Include="src\cl\Memory\Memory.h">
      <Filter>Header Files</Filter>
    </ClInclude>
    <ClInclude Include="src\cl\Utils\FileUtils.h">
      <Filter>Header Files</Filter>
    </ClInclude>
    <ClInclude Include="src\cl\Graphics\Camera\Camera.h">
      <Filter>Header Files</Filter>
    </ClInclude>
    <ClInclude Include="src\cl\Graphics\Camera\OrthographicCamera.h">
      <Filter>Header Files</Filter>
    </ClInclude>
    <ClInclude Include="src\cl\Graphics\Render\Renderable2D.h">
      <Filter>Header Files</Filter>
    </ClInclude>
    <ClInclude Include="src\cl\Graphics\Render\Renderer.h">
      <Filter>Header Files</Filter>
    </ClInclude>
    <ClInclude Include="src\cl\Graphics\Render\Renderer2D.h">
      <Filter>Header Files</Filter>
    </ClInclude>
    <ClInclude Include="src\cl\Graphics\Text\Font.h">
      <Filter>Header Files</Filter>
    </ClInclude>
    <ClInclude Include="src\cl\Graphics\Text\FontTexture.h">
      <Filter>Header Files</Filter>
    </ClInclude>
    <ClInclude Include="src\cl\Graphics\Text\FontTextureAtlas.h">
      <Filter>Header Files</Filter>
    </ClInclude>
    <ClInclude Include="src\cl\Memory\Vector.h">
      <Filter>Header Files</Filter>
    </ClInclude>
  </ItemGroup>
  <ItemGroup>
    <ClCompile Include="src\cl\Application\Events\KeyEvent.cpp">
      <Filter>Source Files</Filter>
    </ClCompile>
    <ClCompile Include="src\cl\Application\Events\MouseEvent.cpp">
      <Filter>Source Files</Filter>
    </ClCompile>
    <ClCompile Include="src\cl\Application\Events\WindowEvent.cpp">
      <Filter>Source Files</Filter>
    </ClCompile>
    <ClCompile Include="src\cl\Maths\mat4.cpp">
      <Filter>Source Files</Filter>
    </ClCompile>
    <ClCompile Include="src\cl\Maths\vec2.cpp">
      <Filter>Source Files</Filter>
    </ClCompile>
    <ClCompile Include="src\cl\Maths\vec3.cpp">
      <Filter>Source Files</Filter>
    </ClCompile>
    <ClCompile Include="src\cl\Maths\vec4.cpp">
      <Filter>Source Files</Filter>
    </ClCompile>
    <ClCompile Include="src\cl\stdafx.cpp">
      <Filter>Source Files</Filter>
    </ClCompile>
    <ClCompile Include="src\cl\Application\Application.cpp">
      <Filter>Source Files</Filter>
    </ClCompile>
    <ClCompile Include="src\cl\Graphics\Context.cpp">
      <Filter>Source Files</Filter>
    </ClCompile>
    <ClCompile Include="src\cl\Graphics\Shader.cpp">
      <Filter>Source Files</Filter>
    </ClCompile>
    <ClCompile Include="src\cl\String.cpp">
      <Filter>Source Files</Filter>
    </ClCompile>
    <ClCompile Include="src\cl\Maths2\Rectangle.cpp">
      <Filter>Source Files</Filter>
    </ClCompile>
    <ClCompile Include="src\cl\Graphics\Buffer.cpp">
      <Filter>Source Files</Filter>
    </ClCompile>
    <ClCompile Include="src\cl\dxerr.cpp">
      <Filter>Source Files</Filter>
    </ClCompile>
    <ClCompile Include="src\cl\Graphics\Texture.cpp">
      <Filter>Source Files</Filter>
    </ClCompile>
    <ClCompile Include="src\cl\Graphics\Layers\Layer2D.cpp">
      <Filter>Source Files</Filter>
    </ClCompile>
    <ClCompile Include="src\cl\Graphics\Folder.cpp">
      <Filter>Source Files</Filter>
    </ClCompile>
    <ClCompile Include="src\cl\Graphics\Scene2D.cpp">
      <Filter>Source Files</Filter>
    </ClCompile>
    <ClCompile Include="src\cl\Entity\Entity.cpp">
      <Filter>Source Files</Filter>
    </ClCompile>
    <ClCompile Include="src\cl\Entity\Component.cpp">
      <Filter>Source Files</Filter>
    </ClCompile>
    <ClCompile Include="src\cl\Memory\Allocator.cpp">
      <Filter>Source Files</Filter>
    </ClCompile>
    <ClCompile Include="src\cl\Utils\FileUtils.cpp">
      <Filter>Source Files</Filter>
    </ClCompile>
    <ClCompile Include="src\cl\Graphics\Camera\Camera.cpp">
      <Filter>Source Files</Filter>
    </ClCompile>
    <ClCompile Include="src\cl\Graphics\Camera\OrthographicCamera.cpp">
      <Filter>Source Files</Filter>
    </ClCompile>
    <ClCompile Include="src\cl\Graphics\Render\Renderable2D.cpp">
      <Filter>Source Files</Filter>
    </ClCompile>
    <ClCompile Include="src\cl\Graphics\Render\Renderer2D.cpp">
      <Filter>Source Files</Filter>
    </ClCompile>
    <ClCompile Include="src\cl\Graphics\Text\Font.cpp">
      <Filter>Source Files</Filter>
    </ClCompile>
    <ClCompile Include="src\cl\Graphics\Text\FontTextureAtlas.cpp">
      <Filter>Source Files</Filter>
    </ClCompile>
    <ClCompile Include="src\cl\Graphics\Text\FontTexture.cpp">
      <Filter>Source Files</Filter>
    </ClCompile>
    <ClCompile Include="src\cl\Memory\Vector.cpp">
      <Filter>Source Files</Filter>
    </ClCompile>
  </ItemGroup>
  <ItemGroup>
    <None Include="src\cl\BuiltIn\Shaders\Renderer2D.hlsl" />
  </ItemGroup>
</Project>